// !$*UTF8*$!
{
	archiveVersion = 1;
	classes = {
	};
	objectVersion = 50;
	objects = {

/* Begin PBXBuildFile section */
		E3B819EC2638016700DE1890 /* AppDelegate.m in Sources */ = {isa = PBXBuildFile; fileRef = E3B819EB2638016700DE1890 /* AppDelegate.m */; };
		E3B819F22638016700DE1890 /* ViewController.m in Sources */ = {isa = PBXBuildFile; fileRef = E3B819F12638016700DE1890 /* ViewController.m */; };
		E3B819F52638016700DE1890 /* Main.storyboard in Resources */ = {isa = PBXBuildFile; fileRef = E3B819F32638016700DE1890 /* Main.storyboard */; };
		E3B819F72638016B00DE1890 /* Assets.xcassets in Resources */ = {isa = PBXBuildFile; fileRef = E3B819F62638016B00DE1890 /* Assets.xcassets */; };
		E3B819FA2638016B00DE1890 /* LaunchScreen.storyboard in Resources */ = {isa = PBXBuildFile; fileRef = E3B819F82638016B00DE1890 /* LaunchScreen.storyboard */; };
		E3B819FD2638016B00DE1890 /* main.m in Sources */ = {isa = PBXBuildFile; fileRef = E3B819FC2638016B00DE1890 /* main.m */; };
		E3B81A08263801BA00DE1890 /* SexRadioBoxGroup.m in Sources */ = {isa = PBXBuildFile; fileRef = E3B81A07263801BA00DE1890 /* SexRadioBoxGroup.m */; };
		E3B81A12263809E200DE1890 /* SexRadioBox.m in Sources */ = {isa = PBXBuildFile; fileRef = E3B81A11263809E200DE1890 /* SexRadioBox.m */; };
		E3B81A59263817E900DE1890 /* PGDatePicker+Date.m in Sources */ = {isa = PBXBuildFile; fileRef = E3B81A1F263817E900DE1890 /* PGDatePicker+Date.m */; };
		E3B81A5A263817E900DE1890 /* PGDatePicker+MinuteAndSecond.m in Sources */ = {isa = PBXBuildFile; fileRef = E3B81A21263817E900DE1890 /* PGDatePicker+MinuteAndSecond.m */; };
		E3B81A5B263817E900DE1890 /* PGDatePicker.m in Sources */ = {isa = PBXBuildFile; fileRef = E3B81A22263817E900DE1890 /* PGDatePicker.m */; };
		E3B81A5C263817E900DE1890 /* UIColor+PGHex.m in Sources */ = {isa = PBXBuildFile; fileRef = E3B81A23263817E900DE1890 /* UIColor+PGHex.m */; };
		E3B81A5D263817E900DE1890 /* PGPickerColumnCell.m in Sources */ = {isa = PBXBuildFile; fileRef = E3B81A24263817E900DE1890 /* PGPickerColumnCell.m */; };
		E3B81A5E263817E900DE1890 /* PGPickerColumnView.m in Sources */ = {isa = PBXBuildFile; fileRef = E3B81A25263817E900DE1890 /* PGPickerColumnView.m */; };
		E3B81A5F263817E900DE1890 /* PGDatePickerView.m in Sources */ = {isa = PBXBuildFile; fileRef = E3B81A26263817E900DE1890 /* PGDatePickerView.m */; };
		E3B81A60263817E900DE1890 /* PGDatePicker+MonthDayHour.m in Sources */ = {isa = PBXBuildFile; fileRef = E3B81A2A263817E900DE1890 /* PGDatePicker+MonthDayHour.m */; };
		E3B81A61263817E900DE1890 /* PGDatePicker+YearAndMonth.m in Sources */ = {isa = PBXBuildFile; fileRef = E3B81A2B263817E900DE1890 /* PGDatePicker+YearAndMonth.m */; };
		E3B81A62263817E900DE1890 /* PGDatePicker+YearMonthWeek.m in Sources */ = {isa = PBXBuildFile; fileRef = E3B81A2E263817E900DE1890 /* PGDatePicker+YearMonthWeek.m */; };
		E3B81A63263817E900DE1890 /* PGDatePicker+Time.m in Sources */ = {isa = PBXBuildFile; fileRef = E3B81A31263817E900DE1890 /* PGDatePicker+Time.m */; };
		E3B81A64263817E900DE1890 /* PGDatePickManager.m in Sources */ = {isa = PBXBuildFile; fileRef = E3B81A33263817E900DE1890 /* PGDatePickManager.m */; };
		E3B81A65263817E900DE1890 /* PGDatePicker+Logic.m in Sources */ = {isa = PBXBuildFile; fileRef = E3B81A38263817E900DE1890 /* PGDatePicker+Logic.m */; };
		E3B81A66263817E900DE1890 /* NSBundle+PGDatePicker.m in Sources */ = {isa = PBXBuildFile; fileRef = E3B81A39263817E900DE1890 /* NSBundle+PGDatePicker.m */; };
		E3B81A67263817E900DE1890 /* PGDatePicker+MonthDayHourMinute.m in Sources */ = {isa = PBXBuildFile; fileRef = E3B81A3F263817E900DE1890 /* PGDatePicker+MonthDayHourMinute.m */; };
		E3B81A68263817E900DE1890 /* PGDatePicker+MonthDayHourMinuteSecond.m in Sources */ = {isa = PBXBuildFile; fileRef = E3B81A40263817E900DE1890 /* PGDatePicker+MonthDayHourMinuteSecond.m */; };
		E3B81A69263817E900DE1890 /* PGDatePicker+DateHourMinute.m in Sources */ = {isa = PBXBuildFile; fileRef = E3B81A43263817E900DE1890 /* PGDatePicker+DateHourMinute.m */; };
		E3B81A6A263817E900DE1890 /* NSDate+PGCategory.m in Sources */ = {isa = PBXBuildFile; fileRef = E3B81A44263817E900DE1890 /* NSDate+PGCategory.m */; };
		E3B81A6B263817E900DE1890 /* PGDatePicker+DateHour.m in Sources */ = {isa = PBXBuildFile; fileRef = E3B81A46263817E900DE1890 /* PGDatePicker+DateHour.m */; };
		E3B81A6C263817E900DE1890 /* PGDatePicker.bundle in Resources */ = {isa = PBXBuildFile; fileRef = E3B81A4B263817E900DE1890 /* PGDatePicker.bundle */; };
		E3B81A6D263817E900DE1890 /* PGDatePicker+TimeAndSecond.m in Sources */ = {isa = PBXBuildFile; fileRef = E3B81A4C263817E900DE1890 /* PGDatePicker+TimeAndSecond.m */; };
		E3B81A6E263817E900DE1890 /* PGPickerView.m in Sources */ = {isa = PBXBuildFile; fileRef = E3B81A4D263817E900DE1890 /* PGPickerView.m */; };
		E3B81A6F263817E900DE1890 /* PGDatePicker+DateAndTime.m in Sources */ = {isa = PBXBuildFile; fileRef = E3B81A4F263817E900DE1890 /* PGDatePicker+DateAndTime.m */; };
		E3B81A70263817E900DE1890 /* PGDatePicker+Common.m in Sources */ = {isa = PBXBuildFile; fileRef = E3B81A50263817E900DE1890 /* PGDatePicker+Common.m */; };
		E3B81A71263817E900DE1890 /* PGPickerTableView.m in Sources */ = {isa = PBXBuildFile; fileRef = E3B81A53263817E900DE1890 /* PGPickerTableView.m */; };
		E3B81A72263817E900DE1890 /* PGDatePicker+MonthDay.m in Sources */ = {isa = PBXBuildFile; fileRef = E3B81A54263817E900DE1890 /* PGDatePicker+MonthDay.m */; };
		E3B81A73263817E900DE1890 /* PGDatePickManagerHeaderView.m in Sources */ = {isa = PBXBuildFile; fileRef = E3B81A55263817E900DE1890 /* PGDatePickManagerHeaderView.m */; };
		E3B81A74263817E900DE1890 /* PGDatePicker+Year.m in Sources */ = {isa = PBXBuildFile; fileRef = E3B81A56263817E900DE1890 /* PGDatePicker+Year.m */; };
		E3B81A75263817E900DE1890 /* PGDatePicker+DateHourMinuteSecond.m in Sources */ = {isa = PBXBuildFile; fileRef = E3B81A58263817E900DE1890 /* PGDatePicker+DateHourMinuteSecond.m */; };
		E3B81A7F26381A0700DE1890 /* CodeInputView.m in Sources */ = {isa = PBXBuildFile; fileRef = E3B81A7E26381A0700DE1890 /* CodeInputView.m */; };
		E3B81A882638FDAF00DE1890 /* TableViewController.m in Sources */ = {isa = PBXBuildFile; fileRef = E3B81A872638FDAF00DE1890 /* TableViewController.m */; };
		E3B81A8D2638FF3300DE1890 /* OneViewController.m in Sources */ = {isa = PBXBuildFile; fileRef = E3B81A8C2638FF3300DE1890 /* OneViewController.m */; };
		E3B81A912639002D00DE1890 /* TwoViewController.m in Sources */ = {isa = PBXBuildFile; fileRef = E3B81A902639002D00DE1890 /* TwoViewController.m */; };
		E3B81A962639042300DE1890 /* BaseVC.m in Sources */ = {isa = PBXBuildFile; fileRef = E3B81A952639042300DE1890 /* BaseVC.m */; };
		E3EA28122639389B0035169F /* UIColor+Hex.m in Sources */ = {isa = PBXBuildFile; fileRef = E3EA28102639389B0035169F /* UIColor+Hex.m */; };
		E3EA281F26393D890035169F /* InfoPlist.strings in Resources */ = {isa = PBXBuildFile; fileRef = E3EA282126393D890035169F /* InfoPlist.strings */; };
		E3EA282D263940820035169F /* Localizable.strings in Resources */ = {isa = PBXBuildFile; fileRef = E3EA282F263940820035169F /* Localizable.strings */; };
		E3EA2865263A41DD0035169F /* BRResultModel.m in Sources */ = {isa = PBXBuildFile; fileRef = E3EA284B263A41DD0035169F /* BRResultModel.m */; };
		E3EA2866263A41DD0035169F /* BRStringPickerView.m in Sources */ = {isa = PBXBuildFile; fileRef = E3EA284E263A41DD0035169F /* BRStringPickerView.m */; };
		E3EA2867263A41DD0035169F /* BRDatePickerView+BR.m in Sources */ = {isa = PBXBuildFile; fileRef = E3EA2851263A41DD0035169F /* BRDatePickerView+BR.m */; };
		E3EA2868263A41DD0035169F /* NSDate+BRPickerView.m in Sources */ = {isa = PBXBuildFile; fileRef = E3EA2853263A41DD0035169F /* NSDate+BRPickerView.m */; };
		E3EA2869263A41DD0035169F /* BRDatePickerView.m in Sources */ = {isa = PBXBuildFile; fileRef = E3EA2854263A41DD0035169F /* BRDatePickerView.m */; };
		E3EA286A263A41DD0035169F /* BRPickerView.bundle in Resources */ = {isa = PBXBuildFile; fileRef = E3EA285A263A41DD0035169F /* BRPickerView.bundle */; };
		E3EA286B263A41DD0035169F /* BRPickerStyle.m in Sources */ = {isa = PBXBuildFile; fileRef = E3EA285B263A41DD0035169F /* BRPickerStyle.m */; };
		E3EA286C263A41DD0035169F /* BRBaseView.m in Sources */ = {isa = PBXBuildFile; fileRef = E3EA285C263A41DD0035169F /* BRBaseView.m */; };
		E3EA286D263A41DD0035169F /* NSBundle+BRPickerView.m in Sources */ = {isa = PBXBuildFile; fileRef = E3EA285D263A41DD0035169F /* NSBundle+BRPickerView.m */; };
		E3EA286E263A41DD0035169F /* BRAddressModel.m in Sources */ = {isa = PBXBuildFile; fileRef = E3EA2861263A41DD0035169F /* BRAddressModel.m */; };
		E3EA286F263A41DD0035169F /* BRAddressPickerView.m in Sources */ = {isa = PBXBuildFile; fileRef = E3EA2864263A41DD0035169F /* BRAddressPickerView.m */; };
/* End PBXBuildFile section */

/* Begin PBXFileReference section */
		E3B819E72638016700DE1890 /* Tools.app */ = {isa = PBXFileReference; explicitFileType = wrapper.application; includeInIndex = 0; path = Tools.app; sourceTree = BUILT_PRODUCTS_DIR; };
		E3B819EA2638016700DE1890 /* AppDelegate.h */ = {isa = PBXFileReference; lastKnownFileType = sourcecode.c.h; path = AppDelegate.h; sourceTree = "<group>"; };
		E3B819EB2638016700DE1890 /* AppDelegate.m */ = {isa = PBXFileReference; lastKnownFileType = sourcecode.c.objc; path = AppDelegate.m; sourceTree = "<group>"; };
		E3B819F02638016700DE1890 /* ViewController.h */ = {isa = PBXFileReference; lastKnownFileType = sourcecode.c.h; path = ViewController.h; sourceTree = "<group>"; };
		E3B819F12638016700DE1890 /* ViewController.m */ = {isa = PBXFileReference; lastKnownFileType = sourcecode.c.objc; path = ViewController.m; sourceTree = "<group>"; };
		E3B819F42638016700DE1890 /* Base */ = {isa = PBXFileReference; lastKnownFileType = file.storyboard; name = Base; path = Base.lproj/Main.storyboard; sourceTree = "<group>"; };
		E3B819F62638016B00DE1890 /* Assets.xcassets */ = {isa = PBXFileReference; lastKnownFileType = folder.assetcatalog; path = Assets.xcassets; sourceTree = "<group>"; };
		E3B819F92638016B00DE1890 /* Base */ = {isa = PBXFileReference; lastKnownFileType = file.storyboard; name = Base; path = Base.lproj/LaunchScreen.storyboard; sourceTree = "<group>"; };
		E3B819FB2638016B00DE1890 /* Info.plist */ = {isa = PBXFileReference; lastKnownFileType = text.plist.xml; path = Info.plist; sourceTree = "<group>"; };
		E3B819FC2638016B00DE1890 /* main.m */ = {isa = PBXFileReference; lastKnownFileType = sourcecode.c.objc; path = main.m; sourceTree = "<group>"; };
		E3B81A06263801BA00DE1890 /* SexRadioBoxGroup.h */ = {isa = PBXFileReference; lastKnownFileType = sourcecode.c.h; path = SexRadioBoxGroup.h; sourceTree = "<group>"; };
		E3B81A07263801BA00DE1890 /* SexRadioBoxGroup.m */ = {isa = PBXFileReference; lastKnownFileType = sourcecode.c.objc; path = SexRadioBoxGroup.m; sourceTree = "<group>"; };
		E3B81A10263809E200DE1890 /* SexRadioBox.h */ = {isa = PBXFileReference; lastKnownFileType = sourcecode.c.h; path = SexRadioBox.h; sourceTree = "<group>"; };
		E3B81A11263809E200DE1890 /* SexRadioBox.m */ = {isa = PBXFileReference; lastKnownFileType = sourcecode.c.objc; path = SexRadioBox.m; sourceTree = "<group>"; };
		E3B81A1E263817E900DE1890 /* PGDatePicker+MonthDayHourMinuteSecond.h */ = {isa = PBXFileReference; fileEncoding = 4; lastKnownFileType = sourcecode.c.h; path = "PGDatePicker+MonthDayHourMinuteSecond.h"; sourceTree = "<group>"; };
		E3B81A1F263817E900DE1890 /* PGDatePicker+Date.m */ = {isa = PBXFileReference; fileEncoding = 4; lastKnownFileType = sourcecode.c.objc; path = "PGDatePicker+Date.m"; sourceTree = "<group>"; };
		E3B81A20263817E900DE1890 /* PGDatePicker+MonthDayHourMinute.h */ = {isa = PBXFileReference; fileEncoding = 4; lastKnownFileType = sourcecode.c.h; path = "PGDatePicker+MonthDayHourMinute.h"; sourceTree = "<group>"; };
		E3B81A21263817E900DE1890 /* PGDatePicker+MinuteAndSecond.m */ = {isa = PBXFileReference; fileEncoding = 4; lastKnownFileType = sourcecode.c.objc; path = "PGDatePicker+MinuteAndSecond.m"; sourceTree = "<group>"; };
		E3B81A22263817E900DE1890 /* PGDatePicker.m */ = {isa = PBXFileReference; fileEncoding = 4; lastKnownFileType = sourcecode.c.objc; path = PGDatePicker.m; sourceTree = "<group>"; };
		E3B81A23263817E900DE1890 /* UIColor+PGHex.m */ = {isa = PBXFileReference; fileEncoding = 4; lastKnownFileType = sourcecode.c.objc; path = "UIColor+PGHex.m"; sourceTree = "<group>"; };
		E3B81A24263817E900DE1890 /* PGPickerColumnCell.m */ = {isa = PBXFileReference; fileEncoding = 4; lastKnownFileType = sourcecode.c.objc; path = PGPickerColumnCell.m; sourceTree = "<group>"; };
		E3B81A25263817E900DE1890 /* PGPickerColumnView.m */ = {isa = PBXFileReference; fileEncoding = 4; lastKnownFileType = sourcecode.c.objc; path = PGPickerColumnView.m; sourceTree = "<group>"; };
		E3B81A26263817E900DE1890 /* PGDatePickerView.m */ = {isa = PBXFileReference; fileEncoding = 4; lastKnownFileType = sourcecode.c.objc; path = PGDatePickerView.m; sourceTree = "<group>"; };
		E3B81A27263817E900DE1890 /* PGDatePicker+DateHour.h */ = {isa = PBXFileReference; fileEncoding = 4; lastKnownFileType = sourcecode.c.h; path = "PGDatePicker+DateHour.h"; sourceTree = "<group>"; };
		E3B81A28263817E900DE1890 /* PGDatePicker+DateHourMinute.h */ = {isa = PBXFileReference; fileEncoding = 4; lastKnownFileType = sourcecode.c.h; path = "PGDatePicker+DateHourMinute.h"; sourceTree = "<group>"; };
		E3B81A29263817E900DE1890 /* NSDate+PGCategory.h */ = {isa = PBXFileReference; fileEncoding = 4; lastKnownFileType = sourcecode.c.h; path = "NSDate+PGCategory.h"; sourceTree = "<group>"; };
		E3B81A2A263817E900DE1890 /* PGDatePicker+MonthDayHour.m */ = {isa = PBXFileReference; fileEncoding = 4; lastKnownFileType = sourcecode.c.objc; path = "PGDatePicker+MonthDayHour.m"; sourceTree = "<group>"; };
		E3B81A2B263817E900DE1890 /* PGDatePicker+YearAndMonth.m */ = {isa = PBXFileReference; fileEncoding = 4; lastKnownFileType = sourcecode.c.objc; path = "PGDatePicker+YearAndMonth.m"; sourceTree = "<group>"; };
		E3B81A2C263817E900DE1890 /* PGDatePicker+Common.h */ = {isa = PBXFileReference; fileEncoding = 4; lastKnownFileType = sourcecode.c.h; path = "PGDatePicker+Common.h"; sourceTree = "<group>"; };
		E3B81A2D263817E900DE1890 /* PGDatePicker+DateAndTime.h */ = {isa = PBXFileReference; fileEncoding = 4; lastKnownFileType = sourcecode.c.h; path = "PGDatePicker+DateAndTime.h"; sourceTree = "<group>"; };
		E3B81A2E263817E900DE1890 /* PGDatePicker+YearMonthWeek.m */ = {isa = PBXFileReference; fileEncoding = 4; lastKnownFileType = sourcecode.c.objc; path = "PGDatePicker+YearMonthWeek.m"; sourceTree = "<group>"; };
		E3B81A2F263817E900DE1890 /* PGPickerView.h */ = {isa = PBXFileReference; fileEncoding = 4; lastKnownFileType = sourcecode.c.h; path = PGPickerView.h; sourceTree = "<group>"; };
		E3B81A30263817E900DE1890 /* PGDatePicker+TimeAndSecond.h */ = {isa = PBXFileReference; fileEncoding = 4; lastKnownFileType = sourcecode.c.h; path = "PGDatePicker+TimeAndSecond.h"; sourceTree = "<group>"; };
		E3B81A31263817E900DE1890 /* PGDatePicker+Time.m */ = {isa = PBXFileReference; fileEncoding = 4; lastKnownFileType = sourcecode.c.objc; path = "PGDatePicker+Time.m"; sourceTree = "<group>"; };
		E3B81A32263817E900DE1890 /* PGDatePicker+DateHourMinuteSecond.h */ = {isa = PBXFileReference; fileEncoding = 4; lastKnownFileType = sourcecode.c.h; path = "PGDatePicker+DateHourMinuteSecond.h"; sourceTree = "<group>"; };
		E3B81A33263817E900DE1890 /* PGDatePickManager.m */ = {isa = PBXFileReference; fileEncoding = 4; lastKnownFileType = sourcecode.c.objc; path = PGDatePickManager.m; sourceTree = "<group>"; };
		E3B81A34263817E900DE1890 /* PGDatePicker+Year.h */ = {isa = PBXFileReference; fileEncoding = 4; lastKnownFileType = sourcecode.c.h; path = "PGDatePicker+Year.h"; sourceTree = "<group>"; };
		E3B81A35263817E900DE1890 /* PGDatePicker+MonthDay.h */ = {isa = PBXFileReference; fileEncoding = 4; lastKnownFileType = sourcecode.c.h; path = "PGDatePicker+MonthDay.h"; sourceTree = "<group>"; };
		E3B81A36263817E900DE1890 /* PGDatePickManagerHeaderView.h */ = {isa = PBXFileReference; fileEncoding = 4; lastKnownFileType = sourcecode.c.h; path = PGDatePickManagerHeaderView.h; sourceTree = "<group>"; };
		E3B81A37263817E900DE1890 /* PGPickerTableView.h */ = {isa = PBXFileReference; fileEncoding = 4; lastKnownFileType = sourcecode.c.h; path = PGPickerTableView.h; sourceTree = "<group>"; };
		E3B81A38263817E900DE1890 /* PGDatePicker+Logic.m */ = {isa = PBXFileReference; fileEncoding = 4; lastKnownFileType = sourcecode.c.objc; path = "PGDatePicker+Logic.m"; sourceTree = "<group>"; };
		E3B81A39263817E900DE1890 /* NSBundle+PGDatePicker.m */ = {isa = PBXFileReference; fileEncoding = 4; lastKnownFileType = sourcecode.c.objc; path = "NSBundle+PGDatePicker.m"; sourceTree = "<group>"; };
		E3B81A3A263817E900DE1890 /* PGPickerColumnCell.h */ = {isa = PBXFileReference; fileEncoding = 4; lastKnownFileType = sourcecode.c.h; path = PGPickerColumnCell.h; sourceTree = "<group>"; };
		E3B81A3B263817E900DE1890 /* UIColor+PGHex.h */ = {isa = PBXFileReference; fileEncoding = 4; lastKnownFileType = sourcecode.c.h; path = "UIColor+PGHex.h"; sourceTree = "<group>"; };
		E3B81A3C263817E900DE1890 /* PGDatePicker.h */ = {isa = PBXFileReference; fileEncoding = 4; lastKnownFileType = sourcecode.c.h; path = PGDatePicker.h; sourceTree = "<group>"; };
		E3B81A3D263817E900DE1890 /* PGDatePicker+MinuteAndSecond.h */ = {isa = PBXFileReference; fileEncoding = 4; lastKnownFileType = sourcecode.c.h; path = "PGDatePicker+MinuteAndSecond.h"; sourceTree = "<group>"; };
		E3B81A3E263817E900DE1890 /* PGEnumeration.h */ = {isa = PBXFileReference; fileEncoding = 4; lastKnownFileType = sourcecode.c.h; path = PGEnumeration.h; sourceTree = "<group>"; };
		E3B81A3F263817E900DE1890 /* PGDatePicker+MonthDayHourMinute.m */ = {isa = PBXFileReference; fileEncoding = 4; lastKnownFileType = sourcecode.c.objc; path = "PGDatePicker+MonthDayHourMinute.m"; sourceTree = "<group>"; };
		E3B81A40263817E900DE1890 /* PGDatePicker+MonthDayHourMinuteSecond.m */ = {isa = PBXFileReference; fileEncoding = 4; lastKnownFileType = sourcecode.c.objc; path = "PGDatePicker+MonthDayHourMinuteSecond.m"; sourceTree = "<group>"; };
		E3B81A41263817E900DE1890 /* PGDatePicker+Date.h */ = {isa = PBXFileReference; fileEncoding = 4; lastKnownFileType = sourcecode.c.h; path = "PGDatePicker+Date.h"; sourceTree = "<group>"; };
		E3B81A42263817E900DE1890 /* PGDatePicker+YearAndMonth.h */ = {isa = PBXFileReference; fileEncoding = 4; lastKnownFileType = sourcecode.c.h; path = "PGDatePicker+YearAndMonth.h"; sourceTree = "<group>"; };
		E3B81A43263817E900DE1890 /* PGDatePicker+DateHourMinute.m */ = {isa = PBXFileReference; fileEncoding = 4; lastKnownFileType = sourcecode.c.objc; path = "PGDatePicker+DateHourMinute.m"; sourceTree = "<group>"; };
		E3B81A44263817E900DE1890 /* NSDate+PGCategory.m */ = {isa = PBXFileReference; fileEncoding = 4; lastKnownFileType = sourcecode.c.objc; path = "NSDate+PGCategory.m"; sourceTree = "<group>"; };
		E3B81A45263817E900DE1890 /* PGDatePicker+MonthDayHour.h */ = {isa = PBXFileReference; fileEncoding = 4; lastKnownFileType = sourcecode.c.h; path = "PGDatePicker+MonthDayHour.h"; sourceTree = "<group>"; };
		E3B81A46263817E900DE1890 /* PGDatePicker+DateHour.m */ = {isa = PBXFileReference; fileEncoding = 4; lastKnownFileType = sourcecode.c.objc; path = "PGDatePicker+DateHour.m"; sourceTree = "<group>"; };
		E3B81A47263817E900DE1890 /* PGDatePickerView.h */ = {isa = PBXFileReference; fileEncoding = 4; lastKnownFileType = sourcecode.c.h; path = PGDatePickerView.h; sourceTree = "<group>"; };
		E3B81A48263817E900DE1890 /* PGPickerColumnView.h */ = {isa = PBXFileReference; fileEncoding = 4; lastKnownFileType = sourcecode.c.h; path = PGPickerColumnView.h; sourceTree = "<group>"; };
		E3B81A49263817E900DE1890 /* PGDatePickerHeader.h */ = {isa = PBXFileReference; fileEncoding = 4; lastKnownFileType = sourcecode.c.h; path = PGDatePickerHeader.h; sourceTree = "<group>"; };
		E3B81A4A263817E900DE1890 /* PGDatePicker+Time.h */ = {isa = PBXFileReference; fileEncoding = 4; lastKnownFileType = sourcecode.c.h; path = "PGDatePicker+Time.h"; sourceTree = "<group>"; };
		E3B81A4B263817E900DE1890 /* PGDatePicker.bundle */ = {isa = PBXFileReference; lastKnownFileType = "wrapper.plug-in"; path = PGDatePicker.bundle; sourceTree = "<group>"; };
		E3B81A4C263817E900DE1890 /* PGDatePicker+TimeAndSecond.m */ = {isa = PBXFileReference; fileEncoding = 4; lastKnownFileType = sourcecode.c.objc; path = "PGDatePicker+TimeAndSecond.m"; sourceTree = "<group>"; };
		E3B81A4D263817E900DE1890 /* PGPickerView.m */ = {isa = PBXFileReference; fileEncoding = 4; lastKnownFileType = sourcecode.c.objc; path = PGPickerView.m; sourceTree = "<group>"; };
		E3B81A4E263817E900DE1890 /* PGDatePicker+YearMonthWeek.h */ = {isa = PBXFileReference; fileEncoding = 4; lastKnownFileType = sourcecode.c.h; path = "PGDatePicker+YearMonthWeek.h"; sourceTree = "<group>"; };
		E3B81A4F263817E900DE1890 /* PGDatePicker+DateAndTime.m */ = {isa = PBXFileReference; fileEncoding = 4; lastKnownFileType = sourcecode.c.objc; path = "PGDatePicker+DateAndTime.m"; sourceTree = "<group>"; };
		E3B81A50263817E900DE1890 /* PGDatePicker+Common.m */ = {isa = PBXFileReference; fileEncoding = 4; lastKnownFileType = sourcecode.c.objc; path = "PGDatePicker+Common.m"; sourceTree = "<group>"; };
		E3B81A51263817E900DE1890 /* NSBundle+PGDatePicker.h */ = {isa = PBXFileReference; fileEncoding = 4; lastKnownFileType = sourcecode.c.h; path = "NSBundle+PGDatePicker.h"; sourceTree = "<group>"; };
		E3B81A52263817E900DE1890 /* PGDatePicker+Logic.h */ = {isa = PBXFileReference; fileEncoding = 4; lastKnownFileType = sourcecode.c.h; path = "PGDatePicker+Logic.h"; sourceTree = "<group>"; };
		E3B81A53263817E900DE1890 /* PGPickerTableView.m */ = {isa = PBXFileReference; fileEncoding = 4; lastKnownFileType = sourcecode.c.objc; path = PGPickerTableView.m; sourceTree = "<group>"; };
		E3B81A54263817E900DE1890 /* PGDatePicker+MonthDay.m */ = {isa = PBXFileReference; fileEncoding = 4; lastKnownFileType = sourcecode.c.objc; path = "PGDatePicker+MonthDay.m"; sourceTree = "<group>"; };
		E3B81A55263817E900DE1890 /* PGDatePickManagerHeaderView.m */ = {isa = PBXFileReference; fileEncoding = 4; lastKnownFileType = sourcecode.c.objc; path = PGDatePickManagerHeaderView.m; sourceTree = "<group>"; };
		E3B81A56263817E900DE1890 /* PGDatePicker+Year.m */ = {isa = PBXFileReference; fileEncoding = 4; lastKnownFileType = sourcecode.c.objc; path = "PGDatePicker+Year.m"; sourceTree = "<group>"; };
		E3B81A57263817E900DE1890 /* PGDatePickManager.h */ = {isa = PBXFileReference; fileEncoding = 4; lastKnownFileType = sourcecode.c.h; path = PGDatePickManager.h; sourceTree = "<group>"; };
		E3B81A58263817E900DE1890 /* PGDatePicker+DateHourMinuteSecond.m */ = {isa = PBXFileReference; fileEncoding = 4; lastKnownFileType = sourcecode.c.objc; path = "PGDatePicker+DateHourMinuteSecond.m"; sourceTree = "<group>"; };
		E3B81A7D26381A0700DE1890 /* CodeInputView.h */ = {isa = PBXFileReference; fileEncoding = 4; lastKnownFileType = sourcecode.c.h; path = CodeInputView.h; sourceTree = "<group>"; };
		E3B81A7E26381A0700DE1890 /* CodeInputView.m */ = {isa = PBXFileReference; fileEncoding = 4; lastKnownFileType = sourcecode.c.objc; path = CodeInputView.m; sourceTree = "<group>"; };
		E3B81A862638FDAF00DE1890 /* TableViewController.h */ = {isa = PBXFileReference; lastKnownFileType = sourcecode.c.h; path = TableViewController.h; sourceTree = "<group>"; };
		E3B81A872638FDAF00DE1890 /* TableViewController.m */ = {isa = PBXFileReference; lastKnownFileType = sourcecode.c.objc; path = TableViewController.m; sourceTree = "<group>"; };
		E3B81A8B2638FF3300DE1890 /* OneViewController.h */ = {isa = PBXFileReference; lastKnownFileType = sourcecode.c.h; path = OneViewController.h; sourceTree = "<group>"; };
		E3B81A8C2638FF3300DE1890 /* OneViewController.m */ = {isa = PBXFileReference; lastKnownFileType = sourcecode.c.objc; path = OneViewController.m; sourceTree = "<group>"; };
		E3B81A8F2639002D00DE1890 /* TwoViewController.h */ = {isa = PBXFileReference; lastKnownFileType = sourcecode.c.h; path = TwoViewController.h; sourceTree = "<group>"; };
		E3B81A902639002D00DE1890 /* TwoViewController.m */ = {isa = PBXFileReference; lastKnownFileType = sourcecode.c.objc; path = TwoViewController.m; sourceTree = "<group>"; };
		E3B81A942639042300DE1890 /* BaseVC.h */ = {isa = PBXFileReference; lastKnownFileType = sourcecode.c.h; path = BaseVC.h; sourceTree = "<group>"; };
		E3B81A952639042300DE1890 /* BaseVC.m */ = {isa = PBXFileReference; lastKnownFileType = sourcecode.c.objc; path = BaseVC.m; sourceTree = "<group>"; };
		E3EA28102639389B0035169F /* UIColor+Hex.m */ = {isa = PBXFileReference; fileEncoding = 4; lastKnownFileType = sourcecode.c.objc; path = "UIColor+Hex.m"; sourceTree = "<group>"; };
		E3EA28112639389B0035169F /* UIColor+Hex.h */ = {isa = PBXFileReference; fileEncoding = 4; lastKnownFileType = sourcecode.c.h; path = "UIColor+Hex.h"; sourceTree = "<group>"; };
		E3EA281526393CA20035169F /* zh-Hans */ = {isa = PBXFileReference; lastKnownFileType = text.plist.strings; name = "zh-Hans"; path = "zh-Hans.lproj/Main.strings"; sourceTree = "<group>"; };
		E3EA281626393CA20035169F /* zh-Hans */ = {isa = PBXFileReference; lastKnownFileType = text.plist.strings; name = "zh-Hans"; path = "zh-Hans.lproj/LaunchScreen.strings"; sourceTree = "<group>"; };
		E3EA282026393D890035169F /* en */ = {isa = PBXFileReference; lastKnownFileType = text.plist.strings; name = en; path = en.lproj/InfoPlist.strings; sourceTree = "<group>"; };
		E3EA282326393D8F0035169F /* zh-Hans */ = {isa = PBXFileReference; lastKnownFileType = text.plist.strings; name = "zh-Hans"; path = "zh-Hans.lproj/InfoPlist.strings"; sourceTree = "<group>"; };
		E3EA282E263940820035169F /* en */ = {isa = PBXFileReference; lastKnownFileType = text.plist.strings; name = en; path = en.lproj/Localizable.strings; sourceTree = "<group>"; };
		E3EA2830263940870035169F /* zh-Hans */ = {isa = PBXFileReference; lastKnownFileType = text.plist.strings; name = "zh-Hans"; path = "zh-Hans.lproj/Localizable.strings"; sourceTree = "<group>"; };
		E3EA284B263A41DD0035169F /* BRResultModel.m */ = {isa = PBXFileReference; fileEncoding = 4; lastKnownFileType = sourcecode.c.objc; path = BRResultModel.m; sourceTree = "<group>"; };
		E3EA284C263A41DD0035169F /* BRStringPickerView.h */ = {isa = PBXFileReference; fileEncoding = 4; lastKnownFileType = sourcecode.c.h; path = BRStringPickerView.h; sourceTree = "<group>"; };
		E3EA284D263A41DD0035169F /* BRResultModel.h */ = {isa = PBXFileReference; fileEncoding = 4; lastKnownFileType = sourcecode.c.h; path = BRResultModel.h; sourceTree = "<group>"; };
		E3EA284E263A41DD0035169F /* BRStringPickerView.m */ = {isa = PBXFileReference; fileEncoding = 4; lastKnownFileType = sourcecode.c.objc; path = BRStringPickerView.m; sourceTree = "<group>"; };
		E3EA284F263A41DD0035169F /* BRPickerView.h */ = {isa = PBXFileReference; fileEncoding = 4; lastKnownFileType = sourcecode.c.h; path = BRPickerView.h; sourceTree = "<group>"; };
		E3EA2851263A41DD0035169F /* BRDatePickerView+BR.m */ = {isa = PBXFileReference; fileEncoding = 4; lastKnownFileType = sourcecode.c.objc; path = "BRDatePickerView+BR.m"; sourceTree = "<group>"; };
		E3EA2852263A41DD0035169F /* BRDatePickerView.h */ = {isa = PBXFileReference; fileEncoding = 4; lastKnownFileType = sourcecode.c.h; path = BRDatePickerView.h; sourceTree = "<group>"; };
		E3EA2853263A41DD0035169F /* NSDate+BRPickerView.m */ = {isa = PBXFileReference; fileEncoding = 4; lastKnownFileType = sourcecode.c.objc; path = "NSDate+BRPickerView.m"; sourceTree = "<group>"; };
		E3EA2854263A41DD0035169F /* BRDatePickerView.m */ = {isa = PBXFileReference; fileEncoding = 4; lastKnownFileType = sourcecode.c.objc; path = BRDatePickerView.m; sourceTree = "<group>"; };
		E3EA2855263A41DD0035169F /* BRDatePickerView+BR.h */ = {isa = PBXFileReference; fileEncoding = 4; lastKnownFileType = sourcecode.c.h; path = "BRDatePickerView+BR.h"; sourceTree = "<group>"; };
		E3EA2856263A41DD0035169F /* NSDate+BRPickerView.h */ = {isa = PBXFileReference; fileEncoding = 4; lastKnownFileType = sourcecode.c.h; path = "NSDate+BRPickerView.h"; sourceTree = "<group>"; };
		E3EA2858263A41DD0035169F /* NSBundle+BRPickerView.h */ = {isa = PBXFileReference; fileEncoding = 4; lastKnownFileType = sourcecode.c.h; path = "NSBundle+BRPickerView.h"; sourceTree = "<group>"; };
		E3EA2859263A41DD0035169F /* BRPickerViewMacro.h */ = {isa = PBXFileReference; fileEncoding = 4; lastKnownFileType = sourcecode.c.h; path = BRPickerViewMacro.h; sourceTree = "<group>"; };
		E3EA285A263A41DD0035169F /* BRPickerView.bundle */ = {isa = PBXFileReference; lastKnownFileType = "wrapper.plug-in"; path = BRPickerView.bundle; sourceTree = "<group>"; };
		E3EA285B263A41DD0035169F /* BRPickerStyle.m */ = {isa = PBXFileReference; fileEncoding = 4; lastKnownFileType = sourcecode.c.objc; path = BRPickerStyle.m; sourceTree = "<group>"; };
		E3EA285C263A41DD0035169F /* BRBaseView.m */ = {isa = PBXFileReference; fileEncoding = 4; lastKnownFileType = sourcecode.c.objc; path = BRBaseView.m; sourceTree = "<group>"; };
		E3EA285D263A41DD0035169F /* NSBundle+BRPickerView.m */ = {isa = PBXFileReference; fileEncoding = 4; lastKnownFileType = sourcecode.c.objc; path = "NSBundle+BRPickerView.m"; sourceTree = "<group>"; };
		E3EA285E263A41DD0035169F /* BRBaseView.h */ = {isa = PBXFileReference; fileEncoding = 4; lastKnownFileType = sourcecode.c.h; path = BRBaseView.h; sourceTree = "<group>"; };
		E3EA285F263A41DD0035169F /* BRPickerStyle.h */ = {isa = PBXFileReference; fileEncoding = 4; lastKnownFileType = sourcecode.c.h; path = BRPickerStyle.h; sourceTree = "<group>"; };
		E3EA2861263A41DD0035169F /* BRAddressModel.m */ = {isa = PBXFileReference; fileEncoding = 4; lastKnownFileType = sourcecode.c.objc; path = BRAddressModel.m; sourceTree = "<group>"; };
		E3EA2862263A41DD0035169F /* BRAddressPickerView.h */ = {isa = PBXFileReference; fileEncoding = 4; lastKnownFileType = sourcecode.c.h; path = BRAddressPickerView.h; sourceTree = "<group>"; };
		E3EA2863263A41DD0035169F /* BRAddressModel.h */ = {isa = PBXFileReference; fileEncoding = 4; lastKnownFileType = sourcecode.c.h; path = BRAddressModel.h; sourceTree = "<group>"; };
		E3EA2864263A41DD0035169F /* BRAddressPickerView.m */ = {isa = PBXFileReference; fileEncoding = 4; lastKnownFileType = sourcecode.c.objc; path = BRAddressPickerView.m; sourceTree = "<group>"; };
/* End PBXFileReference section */

/* Begin PBXFrameworksBuildPhase section */
		E3B819E42638016700DE1890 /* Frameworks */ = {
			isa = PBXFrameworksBuildPhase;
			buildActionMask = 2147483647;
			files = (
			);
			runOnlyForDeploymentPostprocessing = 0;
		};
/* End PBXFrameworksBuildPhase section */

/* Begin PBXGroup section */
		E3B819DE2638016700DE1890 = {
			isa = PBXGroup;
			children = (
				E3B819E92638016700DE1890 /* Tools */,
				E3B819E82638016700DE1890 /* Products */,
			);
			sourceTree = "<group>";
		};
		E3B819E82638016700DE1890 /* Products */ = {
			isa = PBXGroup;
			children = (
				E3B819E72638016700DE1890 /* Tools.app */,
			);
			name = Products;
			sourceTree = "<group>";
		};
		E3B819E92638016700DE1890 /* Tools */ = {
			isa = PBXGroup;
			children = (
				E3EA2871263A41E00035169F /* PlugIn */,
				E3EA280F263938880035169F /* Other */,
				E3B81A8A2638FF1C00DE1890 /* TableViewController */,
				E3B81A772638195500DE1890 /* CodeInputView */,
				E3B81A05263801A000DE1890 /* SexRadioBox */,
				E3B819EA2638016700DE1890 /* AppDelegate.h */,
				E3B819EB2638016700DE1890 /* AppDelegate.m */,
				E3B819F32638016700DE1890 /* Main.storyboard */,
				E3B819F62638016B00DE1890 /* Assets.xcassets */,
				E3B819F82638016B00DE1890 /* LaunchScreen.storyboard */,
				E3B819FB2638016B00DE1890 /* Info.plist */,
				E3EA282126393D890035169F /* InfoPlist.strings */,
				E3EA282F263940820035169F /* Localizable.strings */,
				E3B819FC2638016B00DE1890 /* main.m */,
			);
			path = Tools;
			sourceTree = "<group>";
		};
		E3B81A05263801A000DE1890 /* SexRadioBox */ = {
			isa = PBXGroup;
			children = (
				E3B81A06263801BA00DE1890 /* SexRadioBoxGroup.h */,
				E3B81A07263801BA00DE1890 /* SexRadioBoxGroup.m */,
				E3B81A10263809E200DE1890 /* SexRadioBox.h */,
				E3B81A11263809E200DE1890 /* SexRadioBox.m */,
			);
			path = SexRadioBox;
			sourceTree = "<group>";
		};
		E3B81A1D263817E900DE1890 /* PGDatePicker */ = {
			isa = PBXGroup;
			children = (
				E3B81A51263817E900DE1890 /* NSBundle+PGDatePicker.h */,
				E3B81A39263817E900DE1890 /* NSBundle+PGDatePicker.m */,
				E3B81A29263817E900DE1890 /* NSDate+PGCategory.h */,
				E3B81A44263817E900DE1890 /* NSDate+PGCategory.m */,
				E3B81A4B263817E900DE1890 /* PGDatePicker.bundle */,
				E3B81A3C263817E900DE1890 /* PGDatePicker.h */,
				E3B81A22263817E900DE1890 /* PGDatePicker.m */,
				E3B81A2C263817E900DE1890 /* PGDatePicker+Common.h */,
				E3B81A50263817E900DE1890 /* PGDatePicker+Common.m */,
				E3B81A41263817E900DE1890 /* PGDatePicker+Date.h */,
				E3B81A1F263817E900DE1890 /* PGDatePicker+Date.m */,
				E3B81A2D263817E900DE1890 /* PGDatePicker+DateAndTime.h */,
				E3B81A4F263817E900DE1890 /* PGDatePicker+DateAndTime.m */,
				E3B81A27263817E900DE1890 /* PGDatePicker+DateHour.h */,
				E3B81A46263817E900DE1890 /* PGDatePicker+DateHour.m */,
				E3B81A28263817E900DE1890 /* PGDatePicker+DateHourMinute.h */,
				E3B81A43263817E900DE1890 /* PGDatePicker+DateHourMinute.m */,
				E3B81A32263817E900DE1890 /* PGDatePicker+DateHourMinuteSecond.h */,
				E3B81A58263817E900DE1890 /* PGDatePicker+DateHourMinuteSecond.m */,
				E3B81A52263817E900DE1890 /* PGDatePicker+Logic.h */,
				E3B81A38263817E900DE1890 /* PGDatePicker+Logic.m */,
				E3B81A3D263817E900DE1890 /* PGDatePicker+MinuteAndSecond.h */,
				E3B81A21263817E900DE1890 /* PGDatePicker+MinuteAndSecond.m */,
				E3B81A35263817E900DE1890 /* PGDatePicker+MonthDay.h */,
				E3B81A54263817E900DE1890 /* PGDatePicker+MonthDay.m */,
				E3B81A45263817E900DE1890 /* PGDatePicker+MonthDayHour.h */,
				E3B81A2A263817E900DE1890 /* PGDatePicker+MonthDayHour.m */,
				E3B81A20263817E900DE1890 /* PGDatePicker+MonthDayHourMinute.h */,
				E3B81A3F263817E900DE1890 /* PGDatePicker+MonthDayHourMinute.m */,
				E3B81A1E263817E900DE1890 /* PGDatePicker+MonthDayHourMinuteSecond.h */,
				E3B81A40263817E900DE1890 /* PGDatePicker+MonthDayHourMinuteSecond.m */,
				E3B81A4A263817E900DE1890 /* PGDatePicker+Time.h */,
				E3B81A31263817E900DE1890 /* PGDatePicker+Time.m */,
				E3B81A30263817E900DE1890 /* PGDatePicker+TimeAndSecond.h */,
				E3B81A4C263817E900DE1890 /* PGDatePicker+TimeAndSecond.m */,
				E3B81A34263817E900DE1890 /* PGDatePicker+Year.h */,
				E3B81A56263817E900DE1890 /* PGDatePicker+Year.m */,
				E3B81A42263817E900DE1890 /* PGDatePicker+YearAndMonth.h */,
				E3B81A2B263817E900DE1890 /* PGDatePicker+YearAndMonth.m */,
				E3B81A4E263817E900DE1890 /* PGDatePicker+YearMonthWeek.h */,
				E3B81A2E263817E900DE1890 /* PGDatePicker+YearMonthWeek.m */,
				E3B81A49263817E900DE1890 /* PGDatePickerHeader.h */,
				E3B81A47263817E900DE1890 /* PGDatePickerView.h */,
				E3B81A26263817E900DE1890 /* PGDatePickerView.m */,
				E3B81A57263817E900DE1890 /* PGDatePickManager.h */,
				E3B81A33263817E900DE1890 /* PGDatePickManager.m */,
				E3B81A36263817E900DE1890 /* PGDatePickManagerHeaderView.h */,
				E3B81A55263817E900DE1890 /* PGDatePickManagerHeaderView.m */,
				E3B81A3E263817E900DE1890 /* PGEnumeration.h */,
				E3B81A3A263817E900DE1890 /* PGPickerColumnCell.h */,
				E3B81A24263817E900DE1890 /* PGPickerColumnCell.m */,
				E3B81A48263817E900DE1890 /* PGPickerColumnView.h */,
				E3B81A25263817E900DE1890 /* PGPickerColumnView.m */,
				E3B81A37263817E900DE1890 /* PGPickerTableView.h */,
				E3B81A53263817E900DE1890 /* PGPickerTableView.m */,
				E3B81A2F263817E900DE1890 /* PGPickerView.h */,
				E3B81A4D263817E900DE1890 /* PGPickerView.m */,
				E3B81A3B263817E900DE1890 /* UIColor+PGHex.h */,
				E3B81A23263817E900DE1890 /* UIColor+PGHex.m */,
			);
			path = PGDatePicker;
			sourceTree = "<group>";
		};
		E3B81A772638195500DE1890 /* CodeInputView */ = {
			isa = PBXGroup;
			children = (
				E3B81A7D26381A0700DE1890 /* CodeInputView.h */,
				E3B81A7E26381A0700DE1890 /* CodeInputView.m */,
			);
			path = CodeInputView;
			sourceTree = "<group>";
		};
		E3B81A8A2638FF1C00DE1890 /* TableViewController */ = {
			isa = PBXGroup;
			children = (
				E3B819F02638016700DE1890 /* ViewController.h */,
				E3B819F12638016700DE1890 /* ViewController.m */,
				E3B81A8B2638FF3300DE1890 /* OneViewController.h */,
				E3B81A8C2638FF3300DE1890 /* OneViewController.m */,
				E3B81A8F2639002D00DE1890 /* TwoViewController.h */,
				E3B81A902639002D00DE1890 /* TwoViewController.m */,
			);
			path = TableViewController;
			sourceTree = "<group>";
		};
		E3EA280F263938880035169F /* Other */ = {
			isa = PBXGroup;
			children = (
				E3B81A942639042300DE1890 /* BaseVC.h */,
				E3B81A952639042300DE1890 /* BaseVC.m */,
				E3B81A862638FDAF00DE1890 /* TableViewController.h */,
				E3B81A872638FDAF00DE1890 /* TableViewController.m */,
				E3EA28112639389B0035169F /* UIColor+Hex.h */,
				E3EA28102639389B0035169F /* UIColor+Hex.m */,
			);
			path = Other;
			sourceTree = "<group>";
		};
		E3EA2849263A41DD0035169F /* BRPickerView */ = {
			isa = PBXGroup;
			children = (
				E3EA2860263A41DD0035169F /* AddressPickerView */,
				E3EA2857263A41DD0035169F /* Base */,
				E3EA284F263A41DD0035169F /* BRPickerView.h */,
				E3EA2850263A41DD0035169F /* DatePickerView */,
				E3EA284A263A41DD0035169F /* StringPickerView */,
			);
			path = BRPickerView;
			sourceTree = "<group>";
		};
		E3EA284A263A41DD0035169F /* StringPickerView */ = {
			isa = PBXGroup;
			children = (
				E3EA284D263A41DD0035169F /* BRResultModel.h */,
				E3EA284B263A41DD0035169F /* BRResultModel.m */,
				E3EA284C263A41DD0035169F /* BRStringPickerView.h */,
				E3EA284E263A41DD0035169F /* BRStringPickerView.m */,
			);
			path = StringPickerView;
			sourceTree = "<group>";
		};
		E3EA2850263A41DD0035169F /* DatePickerView */ = {
			isa = PBXGroup;
			children = (
				E3EA2852263A41DD0035169F /* BRDatePickerView.h */,
				E3EA2854263A41DD0035169F /* BRDatePickerView.m */,
				E3EA2855263A41DD0035169F /* BRDatePickerView+BR.h */,
				E3EA2851263A41DD0035169F /* BRDatePickerView+BR.m */,
				E3EA2856263A41DD0035169F /* NSDate+BRPickerView.h */,
				E3EA2853263A41DD0035169F /* NSDate+BRPickerView.m */,
			);
			path = DatePickerView;
			sourceTree = "<group>";
		};
		E3EA2857263A41DD0035169F /* Base */ = {
			isa = PBXGroup;
			children = (
				E3EA285E263A41DD0035169F /* BRBaseView.h */,
				E3EA285C263A41DD0035169F /* BRBaseView.m */,
				E3EA285F263A41DD0035169F /* BRPickerStyle.h */,
				E3EA285B263A41DD0035169F /* BRPickerStyle.m */,
				E3EA285A263A41DD0035169F /* BRPickerView.bundle */,
				E3EA2859263A41DD0035169F /* BRPickerViewMacro.h */,
				E3EA2858263A41DD0035169F /* NSBundle+BRPickerView.h */,
				E3EA285D263A41DD0035169F /* NSBundle+BRPickerView.m */,
			);
			path = Base;
			sourceTree = "<group>";
		};
		E3EA2860263A41DD0035169F /* AddressPickerView */ = {
			isa = PBXGroup;
			children = (
				E3EA2863263A41DD0035169F /* BRAddressModel.h */,
				E3EA2861263A41DD0035169F /* BRAddressModel.m */,
				E3EA2862263A41DD0035169F /* BRAddressPickerView.h */,
				E3EA2864263A41DD0035169F /* BRAddressPickerView.m */,
			);
			path = AddressPickerView;
			sourceTree = "<group>";
		};
		E3EA2871263A41E00035169F /* PlugIn */ = {
			isa = PBXGroup;
			children = (
				E3B81A1D263817E900DE1890 /* PGDatePicker */,
				E3EA2849263A41DD0035169F /* BRPickerView */,
			);
			path = PlugIn;
			sourceTree = "<group>";
		};
/* End PBXGroup section */

/* Begin PBXNativeTarget section */
		E3B819E62638016700DE1890 /* Tools */ = {
			isa = PBXNativeTarget;
			buildConfigurationList = E3B81A002638016B00DE1890 /* Build configuration list for PBXNativeTarget "Tools" */;
			buildPhases = (
				E3B819E32638016700DE1890 /* Sources */,
				E3B819E42638016700DE1890 /* Frameworks */,
				E3B819E52638016700DE1890 /* Resources */,
			);
			buildRules = (
			);
			dependencies = (
			);
			name = Tools;
			productName = Tools;
			productReference = E3B819E72638016700DE1890 /* Tools.app */;
			productType = "com.apple.product-type.application";
		};
/* End PBXNativeTarget section */

/* Begin PBXProject section */
		E3B819DF2638016700DE1890 /* Project object */ = {
			isa = PBXProject;
			attributes = {
				LastUpgradeCheck = 1230;
				TargetAttributes = {
					E3B819E62638016700DE1890 = {
						CreatedOnToolsVersion = 12.3;
					};
				};
			};
			buildConfigurationList = E3B819E22638016700DE1890 /* Build configuration list for PBXProject "Tools" */;
			compatibilityVersion = "Xcode 9.3";
			developmentRegion = en;
			hasScannedForEncodings = 0;
			knownRegions = (
				en,
				Base,
				"zh-Hans",
			);
			mainGroup = E3B819DE2638016700DE1890;
			productRefGroup = E3B819E82638016700DE1890 /* Products */;
			projectDirPath = "";
			projectRoot = "";
			targets = (
				E3B819E62638016700DE1890 /* Tools */,
			);
		};
/* End PBXProject section */

/* Begin PBXResourcesBuildPhase section */
		E3B819E52638016700DE1890 /* Resources */ = {
			isa = PBXResourcesBuildPhase;
			buildActionMask = 2147483647;
			files = (
				E3B819FA2638016B00DE1890 /* LaunchScreen.storyboard in Resources */,
				E3EA286A263A41DD0035169F /* BRPickerView.bundle in Resources */,
				E3EA282D263940820035169F /* Localizable.strings in Resources */,
				E3B819F72638016B00DE1890 /* Assets.xcassets in Resources */,
				E3B81A6C263817E900DE1890 /* PGDatePicker.bundle in Resources */,
				E3B819F52638016700DE1890 /* Main.storyboard in Resources */,
				E3EA281F26393D890035169F /* InfoPlist.strings in Resources */,
			);
			runOnlyForDeploymentPostprocessing = 0;
		};
/* End PBXResourcesBuildPhase section */

/* Begin PBXSourcesBuildPhase section */
		E3B819E32638016700DE1890 /* Sources */ = {
			isa = PBXSourcesBuildPhase;
			buildActionMask = 2147483647;
			files = (
				E3B81A5A263817E900DE1890 /* PGDatePicker+MinuteAndSecond.m in Sources */,
				E3EA28122639389B0035169F /* UIColor+Hex.m in Sources */,
				E3B81A962639042300DE1890 /* BaseVC.m in Sources */,
				E3EA2868263A41DD0035169F /* NSDate+BRPickerView.m in Sources */,
				E3B81A5C263817E900DE1890 /* UIColor+PGHex.m in Sources */,
				E3B81A69263817E900DE1890 /* PGDatePicker+DateHourMinute.m in Sources */,
				E3B81A8D2638FF3300DE1890 /* OneViewController.m in Sources */,
				E3B81A5D263817E900DE1890 /* PGPickerColumnCell.m in Sources */,
				E3B81A6B263817E900DE1890 /* PGDatePicker+DateHour.m in Sources */,
				E3B81A5E263817E900DE1890 /* PGPickerColumnView.m in Sources */,
				E3B81A68263817E900DE1890 /* PGDatePicker+MonthDayHourMinuteSecond.m in Sources */,
				E3B81A912639002D00DE1890 /* TwoViewController.m in Sources */,
				E3B819F22638016700DE1890 /* ViewController.m in Sources */,
				E3B81A12263809E200DE1890 /* SexRadioBox.m in Sources */,
				E3EA286E263A41DD0035169F /* BRAddressModel.m in Sources */,
				E3B81A67263817E900DE1890 /* PGDatePicker+MonthDayHourMinute.m in Sources */,
				E3EA2866263A41DD0035169F /* BRStringPickerView.m in Sources */,
				E3B81A75263817E900DE1890 /* PGDatePicker+DateHourMinuteSecond.m in Sources */,
				E3B81A6D263817E900DE1890 /* PGDatePicker+TimeAndSecond.m in Sources */,
				E3B819EC2638016700DE1890 /* AppDelegate.m in Sources */,
				E3B81A65263817E900DE1890 /* PGDatePicker+Logic.m in Sources */,
				E3B81A5F263817E900DE1890 /* PGDatePickerView.m in Sources */,
				E3B81A71263817E900DE1890 /* PGPickerTableView.m in Sources */,
				E3B81A6F263817E900DE1890 /* PGDatePicker+DateAndTime.m in Sources */,
				E3EA2867263A41DD0035169F /* BRDatePickerView+BR.m in Sources */,
				E3B81A72263817E900DE1890 /* PGDatePicker+MonthDay.m in Sources */,
				E3B81A66263817E900DE1890 /* NSBundle+PGDatePicker.m in Sources */,
				E3B81A6A263817E900DE1890 /* NSDate+PGCategory.m in Sources */,
				E3EA286C263A41DD0035169F /* BRBaseView.m in Sources */,
				E3B81A7F26381A0700DE1890 /* CodeInputView.m in Sources */,
				E3EA2869263A41DD0035169F /* BRDatePickerView.m in Sources */,
				E3B81A61263817E900DE1890 /* PGDatePicker+YearAndMonth.m in Sources */,
				E3B81A62263817E900DE1890 /* PGDatePicker+YearMonthWeek.m in Sources */,
				E3EA286F263A41DD0035169F /* BRAddressPickerView.m in Sources */,
				E3B81A73263817E900DE1890 /* PGDatePickManagerHeaderView.m in Sources */,
				E3B81A70263817E900DE1890 /* PGDatePicker+Common.m in Sources */,
				E3B81A5B263817E900DE1890 /* PGDatePicker.m in Sources */,
				E3B81A6E263817E900DE1890 /* PGPickerView.m in Sources */,
				E3B81A64263817E900DE1890 /* PGDatePickManager.m in Sources */,
				E3B81A63263817E900DE1890 /* PGDatePicker+Time.m in Sources */,
				E3B81A08263801BA00DE1890 /* SexRadioBoxGroup.m in Sources */,
				E3B81A59263817E900DE1890 /* PGDatePicker+Date.m in Sources */,
				E3B81A74263817E900DE1890 /* PGDatePicker+Year.m in Sources */,
				E3B81A60263817E900DE1890 /* PGDatePicker+MonthDayHour.m in Sources */,
				E3B81A882638FDAF00DE1890 /* TableViewController.m in Sources */,
				E3EA286B263A41DD0035169F /* BRPickerStyle.m in Sources */,
				E3B819FD2638016B00DE1890 /* main.m in Sources */,
				E3EA2865263A41DD0035169F /* BRResultModel.m in Sources */,
				E3EA286D263A41DD0035169F /* NSBundle+BRPickerView.m in Sources */,
			);
			runOnlyForDeploymentPostprocessing = 0;
		};
/* End PBXSourcesBuildPhase section */

/* Begin PBXVariantGroup section */
		E3B819F32638016700DE1890 /* Main.storyboard */ = {
			isa = PBXVariantGroup;
			children = (
				E3B819F42638016700DE1890 /* Base */,
				E3EA281526393CA20035169F /* zh-Hans */,
			);
			name = Main.storyboard;
			sourceTree = "<group>";
		};
		E3B819F82638016B00DE1890 /* LaunchScreen.storyboard */ = {
			isa = PBXVariantGroup;
			children = (
				E3B819F92638016B00DE1890 /* Base */,
				E3EA281626393CA20035169F /* zh-Hans */,
			);
			name = LaunchScreen.storyboard;
			sourceTree = "<group>";
		};
		E3EA282126393D890035169F /* InfoPlist.strings */ = {
			isa = PBXVariantGroup;
			children = (
				E3EA282026393D890035169F /* en */,
				E3EA282326393D8F0035169F /* zh-Hans */,
			);
			name = InfoPlist.strings;
			sourceTree = "<group>";
		};
		E3EA282F263940820035169F /* Localizable.strings */ = {
			isa = PBXVariantGroup;
			children = (
				E3EA282E263940820035169F /* en */,
				E3EA2830263940870035169F /* zh-Hans */,
			);
			name = Localizable.strings;
			sourceTree = "<group>";
		};
/* End PBXVariantGroup section */

/* Begin XCBuildConfiguration section */
		E3B819FE2638016B00DE1890 /* Debug */ = {
			isa = XCBuildConfiguration;
			buildSettings = {
				ALWAYS_SEARCH_USER_PATHS = NO;
				CLANG_ANALYZER_LOCALIZABILITY_NONLOCALIZED = YES;
				CLANG_ANALYZER_NONNULL = YES;
				CLANG_ANALYZER_NUMBER_OBJECT_CONVERSION = YES_AGGRESSIVE;
				CLANG_CXX_LANGUAGE_STANDARD = "gnu++14";
				CLANG_CXX_LIBRARY = "libc++";
				CLANG_ENABLE_MODULES = YES;
				CLANG_ENABLE_OBJC_ARC = YES;
				CLANG_ENABLE_OBJC_WEAK = YES;
				CLANG_WARN_BLOCK_CAPTURE_AUTORELEASING = YES;
				CLANG_WARN_BOOL_CONVERSION = YES;
				CLANG_WARN_COMMA = YES;
				CLANG_WARN_CONSTANT_CONVERSION = YES;
				CLANG_WARN_DEPRECATED_OBJC_IMPLEMENTATIONS = YES;
				CLANG_WARN_DIRECT_OBJC_ISA_USAGE = YES_ERROR;
				CLANG_WARN_DOCUMENTATION_COMMENTS = YES;
				CLANG_WARN_EMPTY_BODY = YES;
				CLANG_WARN_ENUM_CONVERSION = YES;
				CLANG_WARN_INFINITE_RECURSION = YES;
				CLANG_WARN_INT_CONVERSION = YES;
				CLANG_WARN_NON_LITERAL_NULL_CONVERSION = YES;
				CLANG_WARN_OBJC_IMPLICIT_RETAIN_SELF = YES;
				CLANG_WARN_OBJC_LITERAL_CONVERSION = YES;
				CLANG_WARN_OBJC_ROOT_CLASS = YES_ERROR;
				CLANG_WARN_QUOTED_INCLUDE_IN_FRAMEWORK_HEADER = YES;
				CLANG_WARN_RANGE_LOOP_ANALYSIS = YES;
				CLANG_WARN_STRICT_PROTOTYPES = YES;
				CLANG_WARN_SUSPICIOUS_MOVE = YES;
				CLANG_WARN_UNGUARDED_AVAILABILITY = YES_AGGRESSIVE;
				CLANG_WARN_UNREACHABLE_CODE = YES;
				CLANG_WARN__DUPLICATE_METHOD_MATCH = YES;
				COPY_PHASE_STRIP = NO;
				DEBUG_INFORMATION_FORMAT = dwarf;
				ENABLE_STRICT_OBJC_MSGSEND = YES;
				ENABLE_TESTABILITY = YES;
				GCC_C_LANGUAGE_STANDARD = gnu11;
				GCC_DYNAMIC_NO_PIC = NO;
				GCC_NO_COMMON_BLOCKS = YES;
				GCC_OPTIMIZATION_LEVEL = 0;
				GCC_PREPROCESSOR_DEFINITIONS = (
					"DEBUG=1",
					"$(inherited)",
				);
				GCC_WARN_64_TO_32_BIT_CONVERSION = YES;
				GCC_WARN_ABOUT_RETURN_TYPE = YES_ERROR;
				GCC_WARN_UNDECLARED_SELECTOR = YES;
				GCC_WARN_UNINITIALIZED_AUTOS = YES_AGGRESSIVE;
				GCC_WARN_UNUSED_FUNCTION = YES;
				GCC_WARN_UNUSED_VARIABLE = YES;
				IPHONEOS_DEPLOYMENT_TARGET = 14.3;
				MTL_ENABLE_DEBUG_INFO = INCLUDE_SOURCE;
				MTL_FAST_MATH = YES;
				ONLY_ACTIVE_ARCH = YES;
				SDKROOT = iphoneos;
			};
			name = Debug;
		};
		E3B819FF2638016B00DE1890 /* Release */ = {
			isa = XCBuildConfiguration;
			buildSettings = {
				ALWAYS_SEARCH_USER_PATHS = NO;
				CLANG_ANALYZER_LOCALIZABILITY_NONLOCALIZED = YES;
				CLANG_ANALYZER_NONNULL = YES;
				CLANG_ANALYZER_NUMBER_OBJECT_CONVERSION = YES_AGGRESSIVE;
				CLANG_CXX_LANGUAGE_STANDARD = "gnu++14";
				CLANG_CXX_LIBRARY = "libc++";
				CLANG_ENABLE_MODULES = YES;
				CLANG_ENABLE_OBJC_ARC = YES;
				CLANG_ENABLE_OBJC_WEAK = YES;
				CLANG_WARN_BLOCK_CAPTURE_AUTORELEASING = YES;
				CLANG_WARN_BOOL_CONVERSION = YES;
				CLANG_WARN_COMMA = YES;
				CLANG_WARN_CONSTANT_CONVERSION = YES;
				CLANG_WARN_DEPRECATED_OBJC_IMPLEMENTATIONS = YES;
				CLANG_WARN_DIRECT_OBJC_ISA_USAGE = YES_ERROR;
				CLANG_WARN_DOCUMENTATION_COMMENTS = YES;
				CLANG_WARN_EMPTY_BODY = YES;
				CLANG_WARN_ENUM_CONVERSION = YES;
				CLANG_WARN_INFINITE_RECURSION = YES;
				CLANG_WARN_INT_CONVERSION = YES;
				CLANG_WARN_NON_LITERAL_NULL_CONVERSION = YES;
				CLANG_WARN_OBJC_IMPLICIT_RETAIN_SELF = YES;
				CLANG_WARN_OBJC_LITERAL_CONVERSION = YES;
				CLANG_WARN_OBJC_ROOT_CLASS = YES_ERROR;
				CLANG_WARN_QUOTED_INCLUDE_IN_FRAMEWORK_HEADER = YES;
				CLANG_WARN_RANGE_LOOP_ANALYSIS = YES;
				CLANG_WARN_STRICT_PROTOTYPES = YES;
				CLANG_WARN_SUSPICIOUS_MOVE = YES;
				CLANG_WARN_UNGUARDED_AVAILABILITY = YES_AGGRESSIVE;
				CLANG_WARN_UNREACHABLE_CODE = YES;
				CLANG_WARN__DUPLICATE_METHOD_MATCH = YES;
				COPY_PHASE_STRIP = NO;
				DEBUG_INFORMATION_FORMAT = "dwarf-with-dsym";
				ENABLE_NS_ASSERTIONS = NO;
				ENABLE_STRICT_OBJC_MSGSEND = YES;
				GCC_C_LANGUAGE_STANDARD = gnu11;
				GCC_NO_COMMON_BLOCKS = YES;
				GCC_WARN_64_TO_32_BIT_CONVERSION = YES;
				GCC_WARN_ABOUT_RETURN_TYPE = YES_ERROR;
				GCC_WARN_UNDECLARED_SELECTOR = YES;
				GCC_WARN_UNINITIALIZED_AUTOS = YES_AGGRESSIVE;
				GCC_WARN_UNUSED_FUNCTION = YES;
				GCC_WARN_UNUSED_VARIABLE = YES;
				IPHONEOS_DEPLOYMENT_TARGET = 14.3;
				MTL_ENABLE_DEBUG_INFO = NO;
				MTL_FAST_MATH = YES;
				SDKROOT = iphoneos;
				VALIDATE_PRODUCT = YES;
			};
			name = Release;
		};
		E3B81A012638016B00DE1890 /* Debug */ = {
			isa = XCBuildConfiguration;
			buildSettings = {
				ASSETCATALOG_COMPILER_APPICON_NAME = AppIcon;
				ASSETCATALOG_COMPILER_GLOBAL_ACCENT_COLOR_NAME = AccentColor;
				CODE_SIGN_STYLE = Automatic;
				DEVELOPMENT_TEAM = 8AX5UYXPK8;
				INFOPLIST_FILE = Tools/Info.plist;
				LD_RUNPATH_SEARCH_PATHS = (
					"$(inherited)",
					"@executable_path/Frameworks",
				);
				PRODUCT_BUNDLE_IDENTIFIER = com.Tools;
				PRODUCT_NAME = "$(TARGET_NAME)";
				TARGETED_DEVICE_FAMILY = "1,2";
			};
			name = Debug;
		};
		E3B81A022638016B00DE1890 /* Release */ = {
			isa = XCBuildConfiguration;
			buildSettings = {
				ASSETCATALOG_COMPILER_APPICON_NAME = AppIcon;
				ASSETCATALOG_COMPILER_GLOBAL_ACCENT_COLOR_NAME = AccentColor;
				CODE_SIGN_STYLE = Automatic;
				DEVELOPMENT_TEAM = 8AX5UYXPK8;
				INFOPLIST_FILE = Tools/Info.plist;
				LD_RUNPATH_SEARCH_PATHS = (
					"$(inherited)",
					"@executable_path/Frameworks",
				);
				PRODUCT_BUNDLE_IDENTIFIER = com.Tools;
				PRODUCT_NAME = "$(TARGET_NAME)";
				TARGETED_DEVICE_FAMILY = "1,2";
			};
			name = Release;
		};
/* End XCBuildConfiguration section */

/* Begin XCConfigurationList section */
		E3B819E22638016700DE1890 /* Build configuration list for PBXProject "Tools" */ = {
			isa = XCConfigurationList;
			buildConfigurations = (
				E3B819FE2638016B00DE1890 /* Debug */,
				E3B819FF2638016B00DE1890 /* Release */,
			);
			defaultConfigurationIsVisible = 0;
			defaultConfigurationName = Release;
		};
		E3B81A002638016B00DE1890 /* Build configuration list for PBXNativeTarget "Tools" */ = {
			isa = XCConfigurationList;
			buildConfigurations = (
				E3B81A012638016B00DE1890 /* Debug */,
				E3B81A022638016B00DE1890 /* Release */,
			);
			defaultConfigurationIsVisible = 0;
			defaultConfigurationName = Release;
		};
/* End XCConfigurationList section */
	};
	rootObject = E3B819DF2638016700DE1890 /* Project object */;
}
